// !$*UTF8*$!
{
	archiveVersion = 1;
	classes = {
	};
	objectVersion = 52;
	objects = {

/* Begin PBXBuildFile section */
		08D89781A51AB0B30ECC33CE /* Pods_Review_for_multiple_choice_exercises.framework in Frameworks */ = {isa = PBXBuildFile; fileRef = 7F4942767C9B4B05C9337396 /* Pods_Review_for_multiple_choice_exercises.framework */; };
		2284A769A7EECD144C985013 /* Pods_Review_for_multiple_choice_exercisesTests.framework in Frameworks */ = {isa = PBXBuildFile; fileRef = 46DAC1CC59506CEB4D32AE70 /* Pods_Review_for_multiple_choice_exercisesTests.framework */; };
		6150C1CC25B589BF00770819 /* EditProfileController.swift in Sources */ = {isa = PBXBuildFile; fileRef = 6150C1CB25B589BF00770819 /* EditProfileController.swift */; };
		6150DE3E25B175E100BCAD52 /* Utils.swift in Sources */ = {isa = PBXBuildFile; fileRef = 6150DE3D25B175E100BCAD52 /* Utils.swift */; };
		6150DE4325B176E600BCAD52 /* Constants.swift in Sources */ = {isa = PBXBuildFile; fileRef = 6150DE4225B176E600BCAD52 /* Constants.swift */; };
		6150DE4825B1781800BCAD52 /* Prefs.swift in Sources */ = {isa = PBXBuildFile; fileRef = 6150DE4725B1781800BCAD52 /* Prefs.swift */; };
		6150DE4D25B178AD00BCAD52 /* DebugLog.swift in Sources */ = {isa = PBXBuildFile; fileRef = 6150DE4C25B178AD00BCAD52 /* DebugLog.swift */; };
		6150DE5625B1877900BCAD52 /* RegisterController.swift in Sources */ = {isa = PBXBuildFile; fileRef = 6150DE5525B1877900BCAD52 /* RegisterController.swift */; };
		615B734425B662C4009EF9F6 /* CustomLabelEditProfile.swift in Sources */ = {isa = PBXBuildFile; fileRef = 615B734325B662C4009EF9F6 /* CustomLabelEditProfile.swift */; };
		615B734925B66C98009EF9F6 /* UserModelView.swift in Sources */ = {isa = PBXBuildFile; fileRef = 615B734825B66C98009EF9F6 /* UserModelView.swift */; };
		615B735225B67566009EF9F6 /* LoginViewModel.swift in Sources */ = {isa = PBXBuildFile; fileRef = 615B735125B67566009EF9F6 /* LoginViewModel.swift */; };
		615B736325B6917A009EF9F6 /* CustomButton.swift in Sources */ = {isa = PBXBuildFile; fileRef = 615B736225B6917A009EF9F6 /* CustomButton.swift */; };
		615B736825B6B07B009EF9F6 /* customViewMenuProfile.swift in Sources */ = {isa = PBXBuildFile; fileRef = 615B736725B6B07B009EF9F6 /* customViewMenuProfile.swift */; };
		615B736D25B6B8A6009EF9F6 /* BackgroundView.swift in Sources */ = {isa = PBXBuildFile; fileRef = 615B736C25B6B8A6009EF9F6 /* BackgroundView.swift */; };
		615B737225B6B996009EF9F6 /* customAvatar.swift in Sources */ = {isa = PBXBuildFile; fileRef = 615B737125B6B996009EF9F6 /* customAvatar.swift */; };
		615B737725B6CE44009EF9F6 /* MenuController.swift in Sources */ = {isa = PBXBuildFile; fileRef = 615B737625B6CE44009EF9F6 /* MenuController.swift */; };
		615B738E25B7FDCB009EF9F6 /* Keyboard.swift in Sources */ = {isa = PBXBuildFile; fileRef = 615B738D25B7FDCB009EF9F6 /* Keyboard.swift */; };
		616782CF25AFD3E500316E5F /* CustomTextField.swift in Sources */ = {isa = PBXBuildFile; fileRef = 616782CE25AFD3E500316E5F /* CustomTextField.swift */; };
		616782F425B11FD700316E5F /* UserModel.swift in Sources */ = {isa = PBXBuildFile; fileRef = 616782F325B11FD700316E5F /* UserModel.swift */; };
		61CAC67825B16AB800D3C262 /* DownloadAsyncTask.swift in Sources */ = {isa = PBXBuildFile; fileRef = 61CAC67725B16AB800D3C262 /* DownloadAsyncTask.swift */; };
		831C366FE1F96231291F9517 /* Pods_Review_for_multiple_choice_exercises_Review_for_multiple_choice_exercisesUITests.framework in Frameworks */ = {isa = PBXBuildFile; fileRef = BEAEF8A5D528A558409E797F /* Pods_Review_for_multiple_choice_exercises_Review_for_multiple_choice_exercisesUITests.framework */; };
		B34BF4EB25B56AD1005569CA /* SwiftUICharts in Frameworks */ = {isa = PBXBuildFile; productRef = B34BF4EA25B56AD1005569CA /* SwiftUICharts */; };
		B35FA5E725B7B0A1007F692B /* PreferencesUtils.swift in Sources */ = {isa = PBXBuildFile; fileRef = B35FA5E625B7B0A1007F692B /* PreferencesUtils.swift */; };
		B35FA60025B8009B007F692B /* SubjectModel.swift in Sources */ = {isa = PBXBuildFile; fileRef = B35FA5FF25B8009B007F692B /* SubjectModel.swift */; };
		B35FA60525B80119007F692B /* SubjectModelDelegate.swift in Sources */ = {isa = PBXBuildFile; fileRef = B35FA60425B80119007F692B /* SubjectModelDelegate.swift */; };
		B35FA61025B82520007F692B /* HistoryViewController.swift in Sources */ = {isa = PBXBuildFile; fileRef = B35FA60F25B82520007F692B /* HistoryViewController.swift */; };
		B35FA61525B828F8007F692B /* HistoryTableViewCell.swift in Sources */ = {isa = PBXBuildFile; fileRef = B35FA61425B828F8007F692B /* HistoryTableViewCell.swift */; };
		B363638C25AEEBAB0071A98F /* AppDelegate.swift in Sources */ = {isa = PBXBuildFile; fileRef = B363638B25AEEBAB0071A98F /* AppDelegate.swift */; };
		B363638E25AEEBAB0071A98F /* SceneDelegate.swift in Sources */ = {isa = PBXBuildFile; fileRef = B363638D25AEEBAB0071A98F /* SceneDelegate.swift */; };
		B363639025AEEBAB0071A98F /* ViewController.swift in Sources */ = {isa = PBXBuildFile; fileRef = B363638F25AEEBAB0071A98F /* ViewController.swift */; };
		B363639325AEEBAB0071A98F /* Main.storyboard in Resources */ = {isa = PBXBuildFile; fileRef = B363639125AEEBAB0071A98F /* Main.storyboard */; };
		B363639525AEEBAB0071A98F /* Assets.xcassets in Resources */ = {isa = PBXBuildFile; fileRef = B363639425AEEBAB0071A98F /* Assets.xcassets */; };
		B363639825AEEBAB0071A98F /* LaunchScreen.storyboard in Resources */ = {isa = PBXBuildFile; fileRef = B363639625AEEBAB0071A98F /* LaunchScreen.storyboard */; };
		B36363A325AEEBAB0071A98F /* Review_for_multiple_choice_exercisesTests.swift in Sources */ = {isa = PBXBuildFile; fileRef = B36363A225AEEBAB0071A98F /* Review_for_multiple_choice_exercisesTests.swift */; };
		B36363AE25AEEBAC0071A98F /* Review_for_multiple_choice_exercisesUITests.swift in Sources */ = {isa = PBXBuildFile; fileRef = B36363AD25AEEBAC0071A98F /* Review_for_multiple_choice_exercisesUITests.swift */; };
		B365885A25BA76E2000D65F4 /* PagingViewType.swift in Sources */ = {isa = PBXBuildFile; fileRef = B365885925BA76E2000D65F4 /* PagingViewType.swift */; };
		B372469325B68548001DF3C3 /* HomeViewController.swift in Sources */ = {isa = PBXBuildFile; fileRef = B372469225B68548001DF3C3 /* HomeViewController.swift */; };
		B37246AF25B6C42E001DF3C3 /* UserPreference.swift in Sources */ = {isa = PBXBuildFile; fileRef = B37246AE25B6C42E001DF3C3 /* UserPreference.swift */; };
		B37246B425B6C893001DF3C3 /* ExamModel.swift in Sources */ = {isa = PBXBuildFile; fileRef = B37246B325B6C893001DF3C3 /* ExamModel.swift */; };
		B37246B925B6C996001DF3C3 /* HomeViewModel.swift in Sources */ = {isa = PBXBuildFile; fileRef = B37246B825B6C996001DF3C3 /* HomeViewModel.swift */; };
		B37246BE25B6C9CF001DF3C3 /* ExamModelDelegate.swift in Sources */ = {isa = PBXBuildFile; fileRef = B37246BD25B6C9CF001DF3C3 /* ExamModelDelegate.swift */; };
		B37246C325B6CA80001DF3C3 /* RequestType.swift in Sources */ = {isa = PBXBuildFile; fileRef = B37246C225B6CA80001DF3C3 /* RequestType.swift */; };
		B37246CB25B6DB10001DF3C3 /* Date.swift in Sources */ = {isa = PBXBuildFile; fileRef = B37246CA25B6DB10001DF3C3 /* Date.swift */; };
		B374E7C025B5368700E1B205 /* UIView.swift in Sources */ = {isa = PBXBuildFile; fileRef = B374E7BF25B5368700E1B205 /* UIView.swift */; };
		B374E7C525B5369D00E1B205 /* UIColor.swift in Sources */ = {isa = PBXBuildFile; fileRef = B374E7C425B5369D00E1B205 /* UIColor.swift */; };
		B3BE1BBF25B905A8008455C9 /* PagingView.xib in Resources */ = {isa = PBXBuildFile; fileRef = B3BE1BBE25B905A8008455C9 /* PagingView.xib */; };
		B3BE1BC425B90834008455C9 /* PagingView.swift in Sources */ = {isa = PBXBuildFile; fileRef = B3BE1BC325B90834008455C9 /* PagingView.swift */; };
		B3BE1BC925B919E3008455C9 /* HistoryViewModel.swift in Sources */ = {isa = PBXBuildFile; fileRef = B3BE1BC825B919E3008455C9 /* HistoryViewModel.swift */; };
		B3BE1BCE25B919F0008455C9 /* FacultyModel.swift in Sources */ = {isa = PBXBuildFile; fileRef = B3BE1BCD25B919F0008455C9 /* FacultyModel.swift */; };
		B3BE1BD325B91A16008455C9 /* FacultyModelDelegate.swift in Sources */ = {isa = PBXBuildFile; fileRef = B3BE1BD225B91A16008455C9 /* FacultyModelDelegate.swift */; };
/* End PBXBuildFile section */

/* Begin PBXContainerItemProxy section */
		B363639F25AEEBAB0071A98F /* PBXContainerItemProxy */ = {
			isa = PBXContainerItemProxy;
			containerPortal = B363638025AEEBAB0071A98F /* Project object */;
			proxyType = 1;
			remoteGlobalIDString = B363638725AEEBAB0071A98F;
			remoteInfo = "Review for multiple-choice exercises";
		};
		B36363AA25AEEBAC0071A98F /* PBXContainerItemProxy */ = {
			isa = PBXContainerItemProxy;
			containerPortal = B363638025AEEBAB0071A98F /* Project object */;
			proxyType = 1;
			remoteGlobalIDString = B363638725AEEBAB0071A98F;
			remoteInfo = "Review for multiple-choice exercises";
		};
/* End PBXContainerItemProxy section */

/* Begin PBXFileReference section */
		2A7CED4A5929C5AB2C2F5CFD /* Pods-Review for multiple-choice exercises.release.xcconfig */ = {isa = PBXFileReference; includeInIndex = 1; lastKnownFileType = text.xcconfig; name = "Pods-Review for multiple-choice exercises.release.xcconfig"; path = "Target Support Files/Pods-Review for multiple-choice exercises/Pods-Review for multiple-choice exercises.release.xcconfig"; sourceTree = "<group>"; };
		2D51546B784D6323442FF8BA /* Pods-Review for multiple-choice exercisesTests.release.xcconfig */ = {isa = PBXFileReference; includeInIndex = 1; lastKnownFileType = text.xcconfig; name = "Pods-Review for multiple-choice exercisesTests.release.xcconfig"; path = "Target Support Files/Pods-Review for multiple-choice exercisesTests/Pods-Review for multiple-choice exercisesTests.release.xcconfig"; sourceTree = "<group>"; };
		46DAC1CC59506CEB4D32AE70 /* Pods_Review_for_multiple_choice_exercisesTests.framework */ = {isa = PBXFileReference; explicitFileType = wrapper.framework; includeInIndex = 0; path = Pods_Review_for_multiple_choice_exercisesTests.framework; sourceTree = BUILT_PRODUCTS_DIR; };
		6150C1CB25B589BF00770819 /* EditProfileController.swift */ = {isa = PBXFileReference; lastKnownFileType = sourcecode.swift; path = EditProfileController.swift; sourceTree = "<group>"; };
		6150DE3D25B175E100BCAD52 /* Utils.swift */ = {isa = PBXFileReference; lastKnownFileType = sourcecode.swift; path = Utils.swift; sourceTree = "<group>"; };
		6150DE4225B176E600BCAD52 /* Constants.swift */ = {isa = PBXFileReference; lastKnownFileType = sourcecode.swift; path = Constants.swift; sourceTree = "<group>"; };
		6150DE4725B1781800BCAD52 /* Prefs.swift */ = {isa = PBXFileReference; lastKnownFileType = sourcecode.swift; path = Prefs.swift; sourceTree = "<group>"; };
		6150DE4C25B178AD00BCAD52 /* DebugLog.swift */ = {isa = PBXFileReference; lastKnownFileType = sourcecode.swift; path = DebugLog.swift; sourceTree = "<group>"; };
		6150DE5525B1877900BCAD52 /* RegisterController.swift */ = {isa = PBXFileReference; lastKnownFileType = sourcecode.swift; path = RegisterController.swift; sourceTree = "<group>"; };
		615B734325B662C4009EF9F6 /* CustomLabelEditProfile.swift */ = {isa = PBXFileReference; lastKnownFileType = sourcecode.swift; path = CustomLabelEditProfile.swift; sourceTree = "<group>"; };
		615B734825B66C98009EF9F6 /* UserModelView.swift */ = {isa = PBXFileReference; lastKnownFileType = sourcecode.swift; path = UserModelView.swift; sourceTree = "<group>"; };
		615B735125B67566009EF9F6 /* LoginViewModel.swift */ = {isa = PBXFileReference; lastKnownFileType = sourcecode.swift; path = LoginViewModel.swift; sourceTree = "<group>"; };
		615B736225B6917A009EF9F6 /* CustomButton.swift */ = {isa = PBXFileReference; lastKnownFileType = sourcecode.swift; path = CustomButton.swift; sourceTree = "<group>"; };
		615B736725B6B07B009EF9F6 /* customViewMenuProfile.swift */ = {isa = PBXFileReference; lastKnownFileType = sourcecode.swift; path = customViewMenuProfile.swift; sourceTree = "<group>"; };
		615B736C25B6B8A6009EF9F6 /* BackgroundView.swift */ = {isa = PBXFileReference; lastKnownFileType = sourcecode.swift; path = BackgroundView.swift; sourceTree = "<group>"; };
		615B737125B6B996009EF9F6 /* customAvatar.swift */ = {isa = PBXFileReference; lastKnownFileType = sourcecode.swift; path = customAvatar.swift; sourceTree = "<group>"; };
		615B737625B6CE44009EF9F6 /* MenuController.swift */ = {isa = PBXFileReference; lastKnownFileType = sourcecode.swift; path = MenuController.swift; sourceTree = "<group>"; };
		615B738D25B7FDCB009EF9F6 /* Keyboard.swift */ = {isa = PBXFileReference; lastKnownFileType = sourcecode.swift; path = Keyboard.swift; sourceTree = "<group>"; };
		616782CE25AFD3E500316E5F /* CustomTextField.swift */ = {isa = PBXFileReference; lastKnownFileType = sourcecode.swift; path = CustomTextField.swift; sourceTree = "<group>"; };
		616782F325B11FD700316E5F /* UserModel.swift */ = {isa = PBXFileReference; lastKnownFileType = sourcecode.swift; path = UserModel.swift; sourceTree = "<group>"; };
		61CAC67725B16AB800D3C262 /* DownloadAsyncTask.swift */ = {isa = PBXFileReference; lastKnownFileType = sourcecode.swift; path = DownloadAsyncTask.swift; sourceTree = "<group>"; };
		7F4942767C9B4B05C9337396 /* Pods_Review_for_multiple_choice_exercises.framework */ = {isa = PBXFileReference; explicitFileType = wrapper.framework; includeInIndex = 0; path = Pods_Review_for_multiple_choice_exercises.framework; sourceTree = BUILT_PRODUCTS_DIR; };
		95FBFE03866A7CBF89C10DCE /* Pods-Review for multiple-choice exercisesTests.debug.xcconfig */ = {isa = PBXFileReference; includeInIndex = 1; lastKnownFileType = text.xcconfig; name = "Pods-Review for multiple-choice exercisesTests.debug.xcconfig"; path = "Target Support Files/Pods-Review for multiple-choice exercisesTests/Pods-Review for multiple-choice exercisesTests.debug.xcconfig"; sourceTree = "<group>"; };
		AB0FB10CF3705C1DDB25959D /* Pods-Review for multiple-choice exercises-Review for multiple-choice exercisesUITests.debug.xcconfig */ = {isa = PBXFileReference; includeInIndex = 1; lastKnownFileType = text.xcconfig; name = "Pods-Review for multiple-choice exercises-Review for multiple-choice exercisesUITests.debug.xcconfig"; path = "Target Support Files/Pods-Review for multiple-choice exercises-Review for multiple-choice exercisesUITests/Pods-Review for multiple-choice exercises-Review for multiple-choice exercisesUITests.debug.xcconfig"; sourceTree = "<group>"; };
		AEA96254CF3E5939D226220B /* Pods-Review for multiple-choice exercises.debug.xcconfig */ = {isa = PBXFileReference; includeInIndex = 1; lastKnownFileType = text.xcconfig; name = "Pods-Review for multiple-choice exercises.debug.xcconfig"; path = "Target Support Files/Pods-Review for multiple-choice exercises/Pods-Review for multiple-choice exercises.debug.xcconfig"; sourceTree = "<group>"; };
		B35FA5E625B7B0A1007F692B /* PreferencesUtils.swift */ = {isa = PBXFileReference; lastKnownFileType = sourcecode.swift; path = PreferencesUtils.swift; sourceTree = "<group>"; };
		B35FA5FF25B8009B007F692B /* SubjectModel.swift */ = {isa = PBXFileReference; lastKnownFileType = sourcecode.swift; path = SubjectModel.swift; sourceTree = "<group>"; };
		B35FA60425B80119007F692B /* SubjectModelDelegate.swift */ = {isa = PBXFileReference; lastKnownFileType = sourcecode.swift; path = SubjectModelDelegate.swift; sourceTree = "<group>"; };
		B35FA60F25B82520007F692B /* HistoryViewController.swift */ = {isa = PBXFileReference; lastKnownFileType = sourcecode.swift; path = HistoryViewController.swift; sourceTree = "<group>"; };
		B35FA61425B828F8007F692B /* HistoryTableViewCell.swift */ = {isa = PBXFileReference; lastKnownFileType = sourcecode.swift; path = HistoryTableViewCell.swift; sourceTree = "<group>"; };
		B363638825AEEBAB0071A98F /* Review for multiple-choice exercises.app */ = {isa = PBXFileReference; explicitFileType = wrapper.application; includeInIndex = 0; path = "Review for multiple-choice exercises.app"; sourceTree = BUILT_PRODUCTS_DIR; };
		B363638B25AEEBAB0071A98F /* AppDelegate.swift */ = {isa = PBXFileReference; lastKnownFileType = sourcecode.swift; path = AppDelegate.swift; sourceTree = "<group>"; };
		B363638D25AEEBAB0071A98F /* SceneDelegate.swift */ = {isa = PBXFileReference; lastKnownFileType = sourcecode.swift; path = SceneDelegate.swift; sourceTree = "<group>"; };
		B363638F25AEEBAB0071A98F /* ViewController.swift */ = {isa = PBXFileReference; lastKnownFileType = sourcecode.swift; path = ViewController.swift; sourceTree = "<group>"; };
		B363639225AEEBAB0071A98F /* Base */ = {isa = PBXFileReference; lastKnownFileType = file.storyboard; name = Base; path = Base.lproj/Main.storyboard; sourceTree = "<group>"; };
		B363639425AEEBAB0071A98F /* Assets.xcassets */ = {isa = PBXFileReference; lastKnownFileType = folder.assetcatalog; path = Assets.xcassets; sourceTree = "<group>"; };
		B363639725AEEBAB0071A98F /* Base */ = {isa = PBXFileReference; lastKnownFileType = file.storyboard; name = Base; path = Base.lproj/LaunchScreen.storyboard; sourceTree = "<group>"; };
		B363639925AEEBAB0071A98F /* Info.plist */ = {isa = PBXFileReference; lastKnownFileType = text.plist.xml; path = Info.plist; sourceTree = "<group>"; };
		B363639E25AEEBAB0071A98F /* Review for multiple-choice exercisesTests.xctest */ = {isa = PBXFileReference; explicitFileType = wrapper.cfbundle; includeInIndex = 0; path = "Review for multiple-choice exercisesTests.xctest"; sourceTree = BUILT_PRODUCTS_DIR; };
		B36363A225AEEBAB0071A98F /* Review_for_multiple_choice_exercisesTests.swift */ = {isa = PBXFileReference; lastKnownFileType = sourcecode.swift; path = Review_for_multiple_choice_exercisesTests.swift; sourceTree = "<group>"; };
		B36363A425AEEBAB0071A98F /* Info.plist */ = {isa = PBXFileReference; lastKnownFileType = text.plist.xml; path = Info.plist; sourceTree = "<group>"; };
		B36363A925AEEBAC0071A98F /* Review for multiple-choice exercisesUITests.xctest */ = {isa = PBXFileReference; explicitFileType = wrapper.cfbundle; includeInIndex = 0; path = "Review for multiple-choice exercisesUITests.xctest"; sourceTree = BUILT_PRODUCTS_DIR; };
		B36363AD25AEEBAC0071A98F /* Review_for_multiple_choice_exercisesUITests.swift */ = {isa = PBXFileReference; lastKnownFileType = sourcecode.swift; path = Review_for_multiple_choice_exercisesUITests.swift; sourceTree = "<group>"; };
		B36363AF25AEEBAC0071A98F /* Info.plist */ = {isa = PBXFileReference; lastKnownFileType = text.plist.xml; path = Info.plist; sourceTree = "<group>"; };
		B365885925BA76E2000D65F4 /* PagingViewType.swift */ = {isa = PBXFileReference; lastKnownFileType = sourcecode.swift; path = PagingViewType.swift; sourceTree = "<group>"; };
		B366B71425B429D400801D09 /* HomeViewController.swift */ = {isa = PBXFileReference; lastKnownFileType = sourcecode.swift; path = HomeViewController.swift; sourceTree = "<group>"; };
		B372469225B68548001DF3C3 /* HomeViewController.swift */ = {isa = PBXFileReference; lastKnownFileType = sourcecode.swift; path = HomeViewController.swift; sourceTree = "<group>"; };
		B37246AE25B6C42E001DF3C3 /* UserPreference.swift */ = {isa = PBXFileReference; lastKnownFileType = sourcecode.swift; path = UserPreference.swift; sourceTree = "<group>"; };
		B37246B325B6C893001DF3C3 /* ExamModel.swift */ = {isa = PBXFileReference; lastKnownFileType = sourcecode.swift; path = ExamModel.swift; sourceTree = "<group>"; };
		B37246B825B6C996001DF3C3 /* HomeViewModel.swift */ = {isa = PBXFileReference; lastKnownFileType = sourcecode.swift; path = HomeViewModel.swift; sourceTree = "<group>"; };
		B37246BD25B6C9CF001DF3C3 /* ExamModelDelegate.swift */ = {isa = PBXFileReference; lastKnownFileType = sourcecode.swift; path = ExamModelDelegate.swift; sourceTree = "<group>"; };
		B37246C225B6CA80001DF3C3 /* RequestType.swift */ = {isa = PBXFileReference; lastKnownFileType = sourcecode.swift; path = RequestType.swift; sourceTree = "<group>"; };
		B37246CA25B6DB10001DF3C3 /* Date.swift */ = {isa = PBXFileReference; lastKnownFileType = sourcecode.swift; path = Date.swift; sourceTree = "<group>"; };
		B374E7BF25B5368700E1B205 /* UIView.swift */ = {isa = PBXFileReference; lastKnownFileType = sourcecode.swift; path = UIView.swift; sourceTree = "<group>"; };
		B374E7C425B5369D00E1B205 /* UIColor.swift */ = {isa = PBXFileReference; lastKnownFileType = sourcecode.swift; path = UIColor.swift; sourceTree = "<group>"; };
		B3BE1BBE25B905A8008455C9 /* PagingView.xib */ = {isa = PBXFileReference; lastKnownFileType = file.xib; path = PagingView.xib; sourceTree = "<group>"; };
		B3BE1BC325B90834008455C9 /* PagingView.swift */ = {isa = PBXFileReference; lastKnownFileType = sourcecode.swift; path = PagingView.swift; sourceTree = "<group>"; };
		B3BE1BC825B919E3008455C9 /* HistoryViewModel.swift */ = {isa = PBXFileReference; lastKnownFileType = sourcecode.swift; path = HistoryViewModel.swift; sourceTree = "<group>"; };
		B3BE1BCD25B919F0008455C9 /* FacultyModel.swift */ = {isa = PBXFileReference; lastKnownFileType = sourcecode.swift; path = FacultyModel.swift; sourceTree = "<group>"; };
		B3BE1BD225B91A16008455C9 /* FacultyModelDelegate.swift */ = {isa = PBXFileReference; lastKnownFileType = sourcecode.swift; path = FacultyModelDelegate.swift; sourceTree = "<group>"; };
		BD8EA3C1C8BAC118612B91ED /* Pods-Review for multiple-choice exercises-Review for multiple-choice exercisesUITests.release.xcconfig */ = {isa = PBXFileReference; includeInIndex = 1; lastKnownFileType = text.xcconfig; name = "Pods-Review for multiple-choice exercises-Review for multiple-choice exercisesUITests.release.xcconfig"; path = "Target Support Files/Pods-Review for multiple-choice exercises-Review for multiple-choice exercisesUITests/Pods-Review for multiple-choice exercises-Review for multiple-choice exercisesUITests.release.xcconfig"; sourceTree = "<group>"; };
		BEAEF8A5D528A558409E797F /* Pods_Review_for_multiple_choice_exercises_Review_for_multiple_choice_exercisesUITests.framework */ = {isa = PBXFileReference; explicitFileType = wrapper.framework; includeInIndex = 0; path = Pods_Review_for_multiple_choice_exercises_Review_for_multiple_choice_exercisesUITests.framework; sourceTree = BUILT_PRODUCTS_DIR; };
/* End PBXFileReference section */

/* Begin PBXFrameworksBuildPhase section */
		B363638525AEEBAB0071A98F /* Frameworks */ = {
			isa = PBXFrameworksBuildPhase;
			buildActionMask = 2147483647;
			files = (
				08D89781A51AB0B30ECC33CE /* Pods_Review_for_multiple_choice_exercises.framework in Frameworks */,
				B34BF4EB25B56AD1005569CA /* SwiftUICharts in Frameworks */,
			);
			runOnlyForDeploymentPostprocessing = 0;
		};
		B363639B25AEEBAB0071A98F /* Frameworks */ = {
			isa = PBXFrameworksBuildPhase;
			buildActionMask = 2147483647;
			files = (
				2284A769A7EECD144C985013 /* Pods_Review_for_multiple_choice_exercisesTests.framework in Frameworks */,
			);
			runOnlyForDeploymentPostprocessing = 0;
		};
		B36363A625AEEBAC0071A98F /* Frameworks */ = {
			isa = PBXFrameworksBuildPhase;
			buildActionMask = 2147483647;
			files = (
				831C366FE1F96231291F9517 /* Pods_Review_for_multiple_choice_exercises_Review_for_multiple_choice_exercisesUITests.framework in Frameworks */,
			);
			runOnlyForDeploymentPostprocessing = 0;
		};
/* End PBXFrameworksBuildPhase section */

/* Begin PBXGroup section */
		41FDDBBB7EFE76984123731F /* Frameworks */ = {
			isa = PBXGroup;
			children = (
				7F4942767C9B4B05C9337396 /* Pods_Review_for_multiple_choice_exercises.framework */,
				BEAEF8A5D528A558409E797F /* Pods_Review_for_multiple_choice_exercises_Review_for_multiple_choice_exercisesUITests.framework */,
				46DAC1CC59506CEB4D32AE70 /* Pods_Review_for_multiple_choice_exercisesTests.framework */,
			);
			name = Frameworks;
			sourceTree = "<group>";
		};
		6150DE5425B1872A00BCAD52 /* Controller */ = {
			isa = PBXGroup;
			children = (
				B372469225B68548001DF3C3 /* HomeViewController.swift */,
				6150DE5525B1877900BCAD52 /* RegisterController.swift */,
				6150C1CB25B589BF00770819 /* EditProfileController.swift */,

				B35FA60F25B82520007F692B /* HistoryViewController.swift */,

				615B737625B6CE44009EF9F6 /* MenuController.swift */,

			);
			path = Controller;
			sourceTree = "<group>";
		};
		616782CD25AFD37300316E5F /* View */ = {
			isa = PBXGroup;
			children = (
				616782CE25AFD3E500316E5F /* CustomTextField.swift */,
				615B734325B662C4009EF9F6 /* CustomLabelEditProfile.swift */,

				B35FA61425B828F8007F692B /* HistoryTableViewCell.swift */,
				B3BE1BBE25B905A8008455C9 /* PagingView.xib */,
				B3BE1BC325B90834008455C9 /* PagingView.swift */,

				615B736225B6917A009EF9F6 /* CustomButton.swift */,
				615B736725B6B07B009EF9F6 /* customViewMenuProfile.swift */,
				615B736C25B6B8A6009EF9F6 /* BackgroundView.swift */,
				615B737125B6B996009EF9F6 /* customAvatar.swift */,

			);
			path = View;
			sourceTree = "<group>";
		};
		616782DD25B1189700316E5F /* Utils */ = {
			isa = PBXGroup;
			children = (
				61CAC67725B16AB800D3C262 /* DownloadAsyncTask.swift */,
				6150DE3D25B175E100BCAD52 /* Utils.swift */,
				6150DE4725B1781800BCAD52 /* Prefs.swift */,
				6150DE4C25B178AD00BCAD52 /* DebugLog.swift */,
				615B738D25B7FDCB009EF9F6 /* Keyboard.swift */,
				B35FA5E625B7B0A1007F692B /* PreferencesUtils.swift */,

			);
			path = Utils;
			sourceTree = "<group>";
		};
		616782DE25B118CA00316E5F /* Constant */ = {
			isa = PBXGroup;
			children = (
				6150DE4225B176E600BCAD52 /* Constants.swift */,
				B37246AE25B6C42E001DF3C3 /* UserPreference.swift */,
				B37246C225B6CA80001DF3C3 /* RequestType.swift */,
				B365885925BA76E2000D65F4 /* PagingViewType.swift */,
			);
			path = Constant;
			sourceTree = "<group>";
		};
		616782F225B11FB400316E5F /* Model */ = {
			isa = PBXGroup;
			children = (
				616782F325B11FD700316E5F /* UserModel.swift */,
				615B734825B66C98009EF9F6 /* UserModelView.swift */,
				615B735125B67566009EF9F6 /* LoginViewModel.swift */,
				B37246B325B6C893001DF3C3 /* ExamModel.swift */,
				B37246B825B6C996001DF3C3 /* HomeViewModel.swift */,
				B37246BD25B6C9CF001DF3C3 /* ExamModelDelegate.swift */,
				B35FA5FF25B8009B007F692B /* SubjectModel.swift */,
				B35FA60425B80119007F692B /* SubjectModelDelegate.swift */,
				B3BE1BC825B919E3008455C9 /* HistoryViewModel.swift */,
				B3BE1BCD25B919F0008455C9 /* FacultyModel.swift */,
				B3BE1BD225B91A16008455C9 /* FacultyModelDelegate.swift */,
			);
			path = Model;
			sourceTree = "<group>";
		};
		B363637F25AEEBAB0071A98F = {
			isa = PBXGroup;
			children = (
				B363638A25AEEBAB0071A98F /* Review for multiple-choice exercises */,
				B36363A125AEEBAB0071A98F /* Review for multiple-choice exercisesTests */,
				B36363AC25AEEBAC0071A98F /* Review for multiple-choice exercisesUITests */,
				B363638925AEEBAB0071A98F /* Products */,
				DB0455167E9B61AA6008C306 /* Pods */,
				41FDDBBB7EFE76984123731F /* Frameworks */,
				B372468825B684BC001DF3C3 /* Recovered References */,
			);
			sourceTree = "<group>";
		};
		B363638925AEEBAB0071A98F /* Products */ = {
			isa = PBXGroup;
			children = (
				B363638825AEEBAB0071A98F /* Review for multiple-choice exercises.app */,
				B363639E25AEEBAB0071A98F /* Review for multiple-choice exercisesTests.xctest */,
				B36363A925AEEBAC0071A98F /* Review for multiple-choice exercisesUITests.xctest */,
			);
			name = Products;
			sourceTree = "<group>";
		};
		B363638A25AEEBAB0071A98F /* Review for multiple-choice exercises */ = {
			isa = PBXGroup;
			children = (
				B374E7BE25B5366B00E1B205 /* Extension */,
				6150DE5425B1872A00BCAD52 /* Controller */,
				616782F225B11FB400316E5F /* Model */,
				616782DE25B118CA00316E5F /* Constant */,
				616782DD25B1189700316E5F /* Utils */,
				616782CD25AFD37300316E5F /* View */,
				B363638B25AEEBAB0071A98F /* AppDelegate.swift */,
				B363638D25AEEBAB0071A98F /* SceneDelegate.swift */,
				B363638F25AEEBAB0071A98F /* ViewController.swift */,
				B363639125AEEBAB0071A98F /* Main.storyboard */,
				B363639425AEEBAB0071A98F /* Assets.xcassets */,
				B363639625AEEBAB0071A98F /* LaunchScreen.storyboard */,
				B363639925AEEBAB0071A98F /* Info.plist */,
			);
			path = "Review for multiple-choice exercises";
			sourceTree = "<group>";
		};
		B36363A125AEEBAB0071A98F /* Review for multiple-choice exercisesTests */ = {
			isa = PBXGroup;
			children = (
				B36363A225AEEBAB0071A98F /* Review_for_multiple_choice_exercisesTests.swift */,
				B36363A425AEEBAB0071A98F /* Info.plist */,
			);
			path = "Review for multiple-choice exercisesTests";
			sourceTree = "<group>";
		};
		B36363AC25AEEBAC0071A98F /* Review for multiple-choice exercisesUITests */ = {
			isa = PBXGroup;
			children = (
				B36363AD25AEEBAC0071A98F /* Review_for_multiple_choice_exercisesUITests.swift */,
				B36363AF25AEEBAC0071A98F /* Info.plist */,
			);
			path = "Review for multiple-choice exercisesUITests";
			sourceTree = "<group>";
		};
		B372468825B684BC001DF3C3 /* Recovered References */ = {
			isa = PBXGroup;
			children = (
				B366B71425B429D400801D09 /* HomeViewController.swift */,
			);
			name = "Recovered References";
			sourceTree = "<group>";
		};
		B374E7BE25B5366B00E1B205 /* Extension */ = {
			isa = PBXGroup;
			children = (
				B374E7BF25B5368700E1B205 /* UIView.swift */,
				B374E7C425B5369D00E1B205 /* UIColor.swift */,
				B37246CA25B6DB10001DF3C3 /* Date.swift */,
			);
			path = Extension;
			sourceTree = "<group>";
		};
		DB0455167E9B61AA6008C306 /* Pods */ = {
			isa = PBXGroup;
			children = (
				AEA96254CF3E5939D226220B /* Pods-Review for multiple-choice exercises.debug.xcconfig */,
				2A7CED4A5929C5AB2C2F5CFD /* Pods-Review for multiple-choice exercises.release.xcconfig */,
				AB0FB10CF3705C1DDB25959D /* Pods-Review for multiple-choice exercises-Review for multiple-choice exercisesUITests.debug.xcconfig */,
				BD8EA3C1C8BAC118612B91ED /* Pods-Review for multiple-choice exercises-Review for multiple-choice exercisesUITests.release.xcconfig */,
				95FBFE03866A7CBF89C10DCE /* Pods-Review for multiple-choice exercisesTests.debug.xcconfig */,
				2D51546B784D6323442FF8BA /* Pods-Review for multiple-choice exercisesTests.release.xcconfig */,
			);
			path = Pods;
			sourceTree = "<group>";
		};
/* End PBXGroup section */

/* Begin PBXNativeTarget section */
		B363638725AEEBAB0071A98F /* Review for multiple-choice exercises */ = {
			isa = PBXNativeTarget;
			buildConfigurationList = B36363B225AEEBAC0071A98F /* Build configuration list for PBXNativeTarget "Review for multiple-choice exercises" */;
			buildPhases = (
				B5194682F3735C88481C4928 /* [CP] Check Pods Manifest.lock */,
				B363638425AEEBAB0071A98F /* Sources */,
				B363638525AEEBAB0071A98F /* Frameworks */,
				B363638625AEEBAB0071A98F /* Resources */,
				462346B01B72CEB39D56C05A /* [CP] Embed Pods Frameworks */,
			);
			buildRules = (
			);
			dependencies = (
			);
			name = "Review for multiple-choice exercises";
			packageProductDependencies = (
				B34BF4EA25B56AD1005569CA /* SwiftUICharts */,
			);
			productName = "Review for multiple-choice exercises";
			productReference = B363638825AEEBAB0071A98F /* Review for multiple-choice exercises.app */;
			productType = "com.apple.product-type.application";
		};
		B363639D25AEEBAB0071A98F /* Review for multiple-choice exercisesTests */ = {
			isa = PBXNativeTarget;
			buildConfigurationList = B36363B525AEEBAC0071A98F /* Build configuration list for PBXNativeTarget "Review for multiple-choice exercisesTests" */;
			buildPhases = (
				4B6BDABE4BC5B8DD3ADFF774 /* [CP] Check Pods Manifest.lock */,
				B363639A25AEEBAB0071A98F /* Sources */,
				B363639B25AEEBAB0071A98F /* Frameworks */,
				B363639C25AEEBAB0071A98F /* Resources */,
			);
			buildRules = (
			);
			dependencies = (
				B36363A025AEEBAB0071A98F /* PBXTargetDependency */,
			);
			name = "Review for multiple-choice exercisesTests";
			productName = "Review for multiple-choice exercisesTests";
			productReference = B363639E25AEEBAB0071A98F /* Review for multiple-choice exercisesTests.xctest */;
			productType = "com.apple.product-type.bundle.unit-test";
		};
		B36363A825AEEBAC0071A98F /* Review for multiple-choice exercisesUITests */ = {
			isa = PBXNativeTarget;
			buildConfigurationList = B36363B825AEEBAC0071A98F /* Build configuration list for PBXNativeTarget "Review for multiple-choice exercisesUITests" */;
			buildPhases = (
				77C74E1D24A321BEDA300643 /* [CP] Check Pods Manifest.lock */,
				B36363A525AEEBAC0071A98F /* Sources */,
				B36363A625AEEBAC0071A98F /* Frameworks */,
				B36363A725AEEBAC0071A98F /* Resources */,
				93306210736F00B49B54F4C0 /* [CP] Embed Pods Frameworks */,
			);
			buildRules = (
			);
			dependencies = (
				B36363AB25AEEBAC0071A98F /* PBXTargetDependency */,
			);
			name = "Review for multiple-choice exercisesUITests";
			productName = "Review for multiple-choice exercisesUITests";
			productReference = B36363A925AEEBAC0071A98F /* Review for multiple-choice exercisesUITests.xctest */;
			productType = "com.apple.product-type.bundle.ui-testing";
		};
/* End PBXNativeTarget section */

/* Begin PBXProject section */
		B363638025AEEBAB0071A98F /* Project object */ = {
			isa = PBXProject;
			attributes = {
				LastSwiftUpdateCheck = 1230;
				LastUpgradeCheck = 1230;
				TargetAttributes = {
					B363638725AEEBAB0071A98F = {
						CreatedOnToolsVersion = 12.3;
					};
					B363639D25AEEBAB0071A98F = {
						CreatedOnToolsVersion = 12.3;
						TestTargetID = B363638725AEEBAB0071A98F;
					};
					B36363A825AEEBAC0071A98F = {
						CreatedOnToolsVersion = 12.3;
						TestTargetID = B363638725AEEBAB0071A98F;
					};
				};
			};
			buildConfigurationList = B363638325AEEBAB0071A98F /* Build configuration list for PBXProject "Review for multiple-choice exercises" */;
			compatibilityVersion = "Xcode 9.3";
			developmentRegion = en;
			hasScannedForEncodings = 0;
			knownRegions = (
				en,
				Base,
			);
			mainGroup = B363637F25AEEBAB0071A98F;
			packageReferences = (
				B34BF4E925B56AD1005569CA /* XCRemoteSwiftPackageReference "ChartView" */,
			);
			productRefGroup = B363638925AEEBAB0071A98F /* Products */;
			projectDirPath = "";
			projectRoot = "";
			targets = (
				B363638725AEEBAB0071A98F /* Review for multiple-choice exercises */,
				B363639D25AEEBAB0071A98F /* Review for multiple-choice exercisesTests */,
				B36363A825AEEBAC0071A98F /* Review for multiple-choice exercisesUITests */,
			);
		};
/* End PBXProject section */

/* Begin PBXResourcesBuildPhase section */
		B363638625AEEBAB0071A98F /* Resources */ = {
			isa = PBXResourcesBuildPhase;
			buildActionMask = 2147483647;
			files = (
				B3BE1BBF25B905A8008455C9 /* PagingView.xib in Resources */,
				B363639825AEEBAB0071A98F /* LaunchScreen.storyboard in Resources */,
				B363639525AEEBAB0071A98F /* Assets.xcassets in Resources */,
				B363639325AEEBAB0071A98F /* Main.storyboard in Resources */,
			);
			runOnlyForDeploymentPostprocessing = 0;
		};
		B363639C25AEEBAB0071A98F /* Resources */ = {
			isa = PBXResourcesBuildPhase;
			buildActionMask = 2147483647;
			files = (
			);
			runOnlyForDeploymentPostprocessing = 0;
		};
		B36363A725AEEBAC0071A98F /* Resources */ = {
			isa = PBXResourcesBuildPhase;
			buildActionMask = 2147483647;
			files = (
			);
			runOnlyForDeploymentPostprocessing = 0;
		};
/* End PBXResourcesBuildPhase section */

/* Begin PBXShellScriptBuildPhase section */
		462346B01B72CEB39D56C05A /* [CP] Embed Pods Frameworks */ = {
			isa = PBXShellScriptBuildPhase;
			buildActionMask = 2147483647;
			files = (
			);
			inputFileListPaths = (
				"${PODS_ROOT}/Target Support Files/Pods-Review for multiple-choice exercises/Pods-Review for multiple-choice exercises-frameworks-${CONFIGURATION}-input-files.xcfilelist",
			);
			name = "[CP] Embed Pods Frameworks";
			outputFileListPaths = (
				"${PODS_ROOT}/Target Support Files/Pods-Review for multiple-choice exercises/Pods-Review for multiple-choice exercises-frameworks-${CONFIGURATION}-output-files.xcfilelist",
			);
			runOnlyForDeploymentPostprocessing = 0;
			shellPath = /bin/sh;
			shellScript = "\"${PODS_ROOT}/Target Support Files/Pods-Review for multiple-choice exercises/Pods-Review for multiple-choice exercises-frameworks.sh\"\n";
			showEnvVarsInLog = 0;
		};
		4B6BDABE4BC5B8DD3ADFF774 /* [CP] Check Pods Manifest.lock */ = {
			isa = PBXShellScriptBuildPhase;
			buildActionMask = 2147483647;
			files = (
			);
			inputFileListPaths = (
			);
			inputPaths = (
				"${PODS_PODFILE_DIR_PATH}/Podfile.lock",
				"${PODS_ROOT}/Manifest.lock",
			);
			name = "[CP] Check Pods Manifest.lock";
			outputFileListPaths = (
			);
			outputPaths = (
				"$(DERIVED_FILE_DIR)/Pods-Review for multiple-choice exercisesTests-checkManifestLockResult.txt",
			);
			runOnlyForDeploymentPostprocessing = 0;
			shellPath = /bin/sh;
			shellScript = "diff \"${PODS_PODFILE_DIR_PATH}/Podfile.lock\" \"${PODS_ROOT}/Manifest.lock\" > /dev/null\nif [ $? != 0 ] ; then\n    # print error to STDERR\n    echo \"error: The sandbox is not in sync with the Podfile.lock. Run 'pod install' or update your CocoaPods installation.\" >&2\n    exit 1\nfi\n# This output is used by Xcode 'outputs' to avoid re-running this script phase.\necho \"SUCCESS\" > \"${SCRIPT_OUTPUT_FILE_0}\"\n";
			showEnvVarsInLog = 0;
		};
		77C74E1D24A321BEDA300643 /* [CP] Check Pods Manifest.lock */ = {
			isa = PBXShellScriptBuildPhase;
			buildActionMask = 2147483647;
			files = (
			);
			inputFileListPaths = (
			);
			inputPaths = (
				"${PODS_PODFILE_DIR_PATH}/Podfile.lock",
				"${PODS_ROOT}/Manifest.lock",
			);
			name = "[CP] Check Pods Manifest.lock";
			outputFileListPaths = (
			);
			outputPaths = (
				"$(DERIVED_FILE_DIR)/Pods-Review for multiple-choice exercises-Review for multiple-choice exercisesUITests-checkManifestLockResult.txt",
			);
			runOnlyForDeploymentPostprocessing = 0;
			shellPath = /bin/sh;
			shellScript = "diff \"${PODS_PODFILE_DIR_PATH}/Podfile.lock\" \"${PODS_ROOT}/Manifest.lock\" > /dev/null\nif [ $? != 0 ] ; then\n    # print error to STDERR\n    echo \"error: The sandbox is not in sync with the Podfile.lock. Run 'pod install' or update your CocoaPods installation.\" >&2\n    exit 1\nfi\n# This output is used by Xcode 'outputs' to avoid re-running this script phase.\necho \"SUCCESS\" > \"${SCRIPT_OUTPUT_FILE_0}\"\n";
			showEnvVarsInLog = 0;
		};
		93306210736F00B49B54F4C0 /* [CP] Embed Pods Frameworks */ = {
			isa = PBXShellScriptBuildPhase;
			buildActionMask = 2147483647;
			files = (
			);
			inputFileListPaths = (
				"${PODS_ROOT}/Target Support Files/Pods-Review for multiple-choice exercises-Review for multiple-choice exercisesUITests/Pods-Review for multiple-choice exercises-Review for multiple-choice exercisesUITests-frameworks-${CONFIGURATION}-input-files.xcfilelist",
			);
			name = "[CP] Embed Pods Frameworks";
			outputFileListPaths = (
				"${PODS_ROOT}/Target Support Files/Pods-Review for multiple-choice exercises-Review for multiple-choice exercisesUITests/Pods-Review for multiple-choice exercises-Review for multiple-choice exercisesUITests-frameworks-${CONFIGURATION}-output-files.xcfilelist",
			);
			runOnlyForDeploymentPostprocessing = 0;
			shellPath = /bin/sh;
			shellScript = "\"${PODS_ROOT}/Target Support Files/Pods-Review for multiple-choice exercises-Review for multiple-choice exercisesUITests/Pods-Review for multiple-choice exercises-Review for multiple-choice exercisesUITests-frameworks.sh\"\n";
			showEnvVarsInLog = 0;
		};
		B5194682F3735C88481C4928 /* [CP] Check Pods Manifest.lock */ = {
			isa = PBXShellScriptBuildPhase;
			buildActionMask = 2147483647;
			files = (
			);
			inputFileListPaths = (
			);
			inputPaths = (
				"${PODS_PODFILE_DIR_PATH}/Podfile.lock",
				"${PODS_ROOT}/Manifest.lock",
			);
			name = "[CP] Check Pods Manifest.lock";
			outputFileListPaths = (
			);
			outputPaths = (
				"$(DERIVED_FILE_DIR)/Pods-Review for multiple-choice exercises-checkManifestLockResult.txt",
			);
			runOnlyForDeploymentPostprocessing = 0;
			shellPath = /bin/sh;
			shellScript = "diff \"${PODS_PODFILE_DIR_PATH}/Podfile.lock\" \"${PODS_ROOT}/Manifest.lock\" > /dev/null\nif [ $? != 0 ] ; then\n    # print error to STDERR\n    echo \"error: The sandbox is not in sync with the Podfile.lock. Run 'pod install' or update your CocoaPods installation.\" >&2\n    exit 1\nfi\n# This output is used by Xcode 'outputs' to avoid re-running this script phase.\necho \"SUCCESS\" > \"${SCRIPT_OUTPUT_FILE_0}\"\n";
			showEnvVarsInLog = 0;
		};
/* End PBXShellScriptBuildPhase section */

/* Begin PBXSourcesBuildPhase section */
		B363638425AEEBAB0071A98F /* Sources */ = {
			isa = PBXSourcesBuildPhase;
			buildActionMask = 2147483647;
			files = (
				B365885A25BA76E2000D65F4 /* PagingViewType.swift in Sources */,
				B372469325B68548001DF3C3 /* HomeViewController.swift in Sources */,

				B3BE1BD325B91A16008455C9 /* FacultyModelDelegate.swift in Sources */,


				615B736325B6917A009EF9F6 /* CustomButton.swift in Sources */,
				615B736825B6B07B009EF9F6 /* customViewMenuProfile.swift in Sources */,
				615B736D25B6B8A6009EF9F6 /* BackgroundView.swift in Sources */,

				B37246AF25B6C42E001DF3C3 /* UserPreference.swift in Sources */,

				615B734925B66C98009EF9F6 /* UserModelView.swift in Sources */,
				615B737225B6B996009EF9F6 /* customAvatar.swift in Sources */,
				6150DE4825B1781800BCAD52 /* Prefs.swift in Sources */,
				616782CF25AFD3E500316E5F /* CustomTextField.swift in Sources */,
				6150DE4D25B178AD00BCAD52 /* DebugLog.swift in Sources */,
				B37246C325B6CA80001DF3C3 /* RequestType.swift in Sources */,
				B35FA61525B828F8007F692B /* HistoryTableViewCell.swift in Sources */,
				B363639025AEEBAB0071A98F /* ViewController.swift in Sources */,
				615B738E25B7FDCB009EF9F6 /* Keyboard.swift in Sources */,
				615B737725B6CE44009EF9F6 /* MenuController.swift in Sources */,
				6150DE3E25B175E100BCAD52 /* Utils.swift in Sources */,
				61CAC67825B16AB800D3C262 /* DownloadAsyncTask.swift in Sources */,
				B35FA5E725B7B0A1007F692B /* PreferencesUtils.swift in Sources */,
				6150DE4325B176E600BCAD52 /* Constants.swift in Sources */,
				B37246B425B6C893001DF3C3 /* ExamModel.swift in Sources */,
				B3BE1BC925B919E3008455C9 /* HistoryViewModel.swift in Sources */,
				B37246BE25B6C9CF001DF3C3 /* ExamModelDelegate.swift in Sources */,
				615B735225B67566009EF9F6 /* LoginViewModel.swift in Sources */,
				B35FA60525B80119007F692B /* SubjectModelDelegate.swift in Sources */,
				615B734425B662C4009EF9F6 /* CustomLabelEditProfile.swift in Sources */,
				B3BE1BC425B90834008455C9 /* PagingView.swift in Sources */,
				B363638C25AEEBAB0071A98F /* AppDelegate.swift in Sources */,
				6150C1CC25B589BF00770819 /* EditProfileController.swift in Sources */,
				B3BE1BCE25B919F0008455C9 /* FacultyModel.swift in Sources */,
				B35FA61025B82520007F692B /* HistoryViewController.swift in Sources */,
				6150DE5625B1877900BCAD52 /* RegisterController.swift in Sources */,
				B37246B925B6C996001DF3C3 /* HomeViewModel.swift in Sources */,
				B37246CB25B6DB10001DF3C3 /* Date.swift in Sources */,
				616782F425B11FD700316E5F /* UserModel.swift in Sources */,
				B35FA60025B8009B007F692B /* SubjectModel.swift in Sources */,
				B374E7C025B5368700E1B205 /* UIView.swift in Sources */,
				B363638E25AEEBAB0071A98F /* SceneDelegate.swift in Sources */,
				B374E7C525B5369D00E1B205 /* UIColor.swift in Sources */,
			);
			runOnlyForDeploymentPostprocessing = 0;
		};
		B363639A25AEEBAB0071A98F /* Sources */ = {
			isa = PBXSourcesBuildPhase;
			buildActionMask = 2147483647;
			files = (
				B36363A325AEEBAB0071A98F /* Review_for_multiple_choice_exercisesTests.swift in Sources */,
			);
			runOnlyForDeploymentPostprocessing = 0;
		};
		B36363A525AEEBAC0071A98F /* Sources */ = {
			isa = PBXSourcesBuildPhase;
			buildActionMask = 2147483647;
			files = (
				B36363AE25AEEBAC0071A98F /* Review_for_multiple_choice_exercisesUITests.swift in Sources */,
			);
			runOnlyForDeploymentPostprocessing = 0;
		};
/* End PBXSourcesBuildPhase section */

/* Begin PBXTargetDependency section */
		B36363A025AEEBAB0071A98F /* PBXTargetDependency */ = {
			isa = PBXTargetDependency;
			target = B363638725AEEBAB0071A98F /* Review for multiple-choice exercises */;
			targetProxy = B363639F25AEEBAB0071A98F /* PBXContainerItemProxy */;
		};
		B36363AB25AEEBAC0071A98F /* PBXTargetDependency */ = {
			isa = PBXTargetDependency;
			target = B363638725AEEBAB0071A98F /* Review for multiple-choice exercises */;
			targetProxy = B36363AA25AEEBAC0071A98F /* PBXContainerItemProxy */;
		};
/* End PBXTargetDependency section */

/* Begin PBXVariantGroup section */
		B363639125AEEBAB0071A98F /* Main.storyboard */ = {
			isa = PBXVariantGroup;
			children = (
				B363639225AEEBAB0071A98F /* Base */,
			);
			name = Main.storyboard;
			sourceTree = "<group>";
		};
		B363639625AEEBAB0071A98F /* LaunchScreen.storyboard */ = {
			isa = PBXVariantGroup;
			children = (
				B363639725AEEBAB0071A98F /* Base */,
			);
			name = LaunchScreen.storyboard;
			sourceTree = "<group>";
		};
/* End PBXVariantGroup section */

/* Begin XCBuildConfiguration section */
		B36363B025AEEBAC0071A98F /* Debug */ = {
			isa = XCBuildConfiguration;
			buildSettings = {
				ALWAYS_SEARCH_USER_PATHS = NO;
				CLANG_ANALYZER_NONNULL = YES;
				CLANG_ANALYZER_NUMBER_OBJECT_CONVERSION = YES_AGGRESSIVE;
				CLANG_CXX_LANGUAGE_STANDARD = "gnu++14";
				CLANG_CXX_LIBRARY = "libc++";
				CLANG_ENABLE_MODULES = YES;
				CLANG_ENABLE_OBJC_ARC = YES;
				CLANG_ENABLE_OBJC_WEAK = YES;
				CLANG_WARN_BLOCK_CAPTURE_AUTORELEASING = YES;
				CLANG_WARN_BOOL_CONVERSION = YES;
				CLANG_WARN_COMMA = YES;
				CLANG_WARN_CONSTANT_CONVERSION = YES;
				CLANG_WARN_DEPRECATED_OBJC_IMPLEMENTATIONS = YES;
				CLANG_WARN_DIRECT_OBJC_ISA_USAGE = YES_ERROR;
				CLANG_WARN_DOCUMENTATION_COMMENTS = YES;
				CLANG_WARN_EMPTY_BODY = YES;
				CLANG_WARN_ENUM_CONVERSION = YES;
				CLANG_WARN_INFINITE_RECURSION = YES;
				CLANG_WARN_INT_CONVERSION = YES;
				CLANG_WARN_NON_LITERAL_NULL_CONVERSION = YES;
				CLANG_WARN_OBJC_IMPLICIT_RETAIN_SELF = YES;
				CLANG_WARN_OBJC_LITERAL_CONVERSION = YES;
				CLANG_WARN_OBJC_ROOT_CLASS = YES_ERROR;
				CLANG_WARN_QUOTED_INCLUDE_IN_FRAMEWORK_HEADER = YES;
				CLANG_WARN_RANGE_LOOP_ANALYSIS = YES;
				CLANG_WARN_STRICT_PROTOTYPES = YES;
				CLANG_WARN_SUSPICIOUS_MOVE = YES;
				CLANG_WARN_UNGUARDED_AVAILABILITY = YES_AGGRESSIVE;
				CLANG_WARN_UNREACHABLE_CODE = YES;
				CLANG_WARN__DUPLICATE_METHOD_MATCH = YES;
				COPY_PHASE_STRIP = NO;
				DEBUG_INFORMATION_FORMAT = dwarf;
				ENABLE_STRICT_OBJC_MSGSEND = YES;
				ENABLE_TESTABILITY = YES;
				GCC_C_LANGUAGE_STANDARD = gnu11;
				GCC_DYNAMIC_NO_PIC = NO;
				GCC_NO_COMMON_BLOCKS = YES;
				GCC_OPTIMIZATION_LEVEL = 0;
				GCC_PREPROCESSOR_DEFINITIONS = (
					"DEBUG=1",
					"$(inherited)",
				);
				GCC_WARN_64_TO_32_BIT_CONVERSION = YES;
				GCC_WARN_ABOUT_RETURN_TYPE = YES_ERROR;
				GCC_WARN_UNDECLARED_SELECTOR = YES;
				GCC_WARN_UNINITIALIZED_AUTOS = YES_AGGRESSIVE;
				GCC_WARN_UNUSED_FUNCTION = YES;
				GCC_WARN_UNUSED_VARIABLE = YES;
				IPHONEOS_DEPLOYMENT_TARGET = 14.3;
				MTL_ENABLE_DEBUG_INFO = INCLUDE_SOURCE;
				MTL_FAST_MATH = YES;
				ONLY_ACTIVE_ARCH = YES;
				SDKROOT = iphoneos;
				SWIFT_ACTIVE_COMPILATION_CONDITIONS = DEBUG;
				SWIFT_OPTIMIZATION_LEVEL = "-Onone";
			};
			name = Debug;
		};
		B36363B125AEEBAC0071A98F /* Release */ = {
			isa = XCBuildConfiguration;
			buildSettings = {
				ALWAYS_SEARCH_USER_PATHS = NO;
				CLANG_ANALYZER_NONNULL = YES;
				CLANG_ANALYZER_NUMBER_OBJECT_CONVERSION = YES_AGGRESSIVE;
				CLANG_CXX_LANGUAGE_STANDARD = "gnu++14";
				CLANG_CXX_LIBRARY = "libc++";
				CLANG_ENABLE_MODULES = YES;
				CLANG_ENABLE_OBJC_ARC = YES;
				CLANG_ENABLE_OBJC_WEAK = YES;
				CLANG_WARN_BLOCK_CAPTURE_AUTORELEASING = YES;
				CLANG_WARN_BOOL_CONVERSION = YES;
				CLANG_WARN_COMMA = YES;
				CLANG_WARN_CONSTANT_CONVERSION = YES;
				CLANG_WARN_DEPRECATED_OBJC_IMPLEMENTATIONS = YES;
				CLANG_WARN_DIRECT_OBJC_ISA_USAGE = YES_ERROR;
				CLANG_WARN_DOCUMENTATION_COMMENTS = YES;
				CLANG_WARN_EMPTY_BODY = YES;
				CLANG_WARN_ENUM_CONVERSION = YES;
				CLANG_WARN_INFINITE_RECURSION = YES;
				CLANG_WARN_INT_CONVERSION = YES;
				CLANG_WARN_NON_LITERAL_NULL_CONVERSION = YES;
				CLANG_WARN_OBJC_IMPLICIT_RETAIN_SELF = YES;
				CLANG_WARN_OBJC_LITERAL_CONVERSION = YES;
				CLANG_WARN_OBJC_ROOT_CLASS = YES_ERROR;
				CLANG_WARN_QUOTED_INCLUDE_IN_FRAMEWORK_HEADER = YES;
				CLANG_WARN_RANGE_LOOP_ANALYSIS = YES;
				CLANG_WARN_STRICT_PROTOTYPES = YES;
				CLANG_WARN_SUSPICIOUS_MOVE = YES;
				CLANG_WARN_UNGUARDED_AVAILABILITY = YES_AGGRESSIVE;
				CLANG_WARN_UNREACHABLE_CODE = YES;
				CLANG_WARN__DUPLICATE_METHOD_MATCH = YES;
				COPY_PHASE_STRIP = NO;
				DEBUG_INFORMATION_FORMAT = "dwarf-with-dsym";
				ENABLE_NS_ASSERTIONS = NO;
				ENABLE_STRICT_OBJC_MSGSEND = YES;
				GCC_C_LANGUAGE_STANDARD = gnu11;
				GCC_NO_COMMON_BLOCKS = YES;
				GCC_WARN_64_TO_32_BIT_CONVERSION = YES;
				GCC_WARN_ABOUT_RETURN_TYPE = YES_ERROR;
				GCC_WARN_UNDECLARED_SELECTOR = YES;
				GCC_WARN_UNINITIALIZED_AUTOS = YES_AGGRESSIVE;
				GCC_WARN_UNUSED_FUNCTION = YES;
				GCC_WARN_UNUSED_VARIABLE = YES;
				IPHONEOS_DEPLOYMENT_TARGET = 14.3;
				MTL_ENABLE_DEBUG_INFO = NO;
				MTL_FAST_MATH = YES;
				SDKROOT = iphoneos;
				SWIFT_COMPILATION_MODE = wholemodule;
				SWIFT_OPTIMIZATION_LEVEL = "-O";
				VALIDATE_PRODUCT = YES;
			};
			name = Release;
		};
		B36363B325AEEBAC0071A98F /* Debug */ = {
			isa = XCBuildConfiguration;
			baseConfigurationReference = AEA96254CF3E5939D226220B /* Pods-Review for multiple-choice exercises.debug.xcconfig */;
			buildSettings = {
				ASSETCATALOG_COMPILER_APPICON_NAME = AppIcon;
				ASSETCATALOG_COMPILER_GLOBAL_ACCENT_COLOR_NAME = AccentColor;
				CODE_SIGN_STYLE = Automatic;
				DEVELOPMENT_TEAM = HKHW8QABTT;
				INFOPLIST_FILE = "Review for multiple-choice exercises/Info.plist";
				LD_RUNPATH_SEARCH_PATHS = (
					"$(inherited)",
					"@executable_path/Frameworks",
				);
				PRODUCT_BUNDLE_IDENTIFIER = "cse.duytan.edu.vn.Review-for-multiple-choice-exercises";
				PRODUCT_NAME = "$(TARGET_NAME)";
				SWIFT_VERSION = 5.0;
				TARGETED_DEVICE_FAMILY = "1,2";
			};
			name = Debug;
		};
		B36363B425AEEBAC0071A98F /* Release */ = {
			isa = XCBuildConfiguration;
			baseConfigurationReference = 2A7CED4A5929C5AB2C2F5CFD /* Pods-Review for multiple-choice exercises.release.xcconfig */;
			buildSettings = {
				ASSETCATALOG_COMPILER_APPICON_NAME = AppIcon;
				ASSETCATALOG_COMPILER_GLOBAL_ACCENT_COLOR_NAME = AccentColor;
				CODE_SIGN_STYLE = Automatic;
				DEVELOPMENT_TEAM = HKHW8QABTT;
				INFOPLIST_FILE = "Review for multiple-choice exercises/Info.plist";
				LD_RUNPATH_SEARCH_PATHS = (
					"$(inherited)",
					"@executable_path/Frameworks",
				);
				PRODUCT_BUNDLE_IDENTIFIER = "cse.duytan.edu.vn.Review-for-multiple-choice-exercises";
				PRODUCT_NAME = "$(TARGET_NAME)";
				SWIFT_VERSION = 5.0;
				TARGETED_DEVICE_FAMILY = "1,2";
			};
			name = Release;
		};
		B36363B625AEEBAC0071A98F /* Debug */ = {
			isa = XCBuildConfiguration;
			baseConfigurationReference = 95FBFE03866A7CBF89C10DCE /* Pods-Review for multiple-choice exercisesTests.debug.xcconfig */;
			buildSettings = {
				ALWAYS_EMBED_SWIFT_STANDARD_LIBRARIES = YES;
				BUNDLE_LOADER = "$(TEST_HOST)";
				CODE_SIGN_STYLE = Automatic;
				INFOPLIST_FILE = "Review for multiple-choice exercisesTests/Info.plist";
				IPHONEOS_DEPLOYMENT_TARGET = 14.3;
				LD_RUNPATH_SEARCH_PATHS = (
					"$(inherited)",
					"@executable_path/Frameworks",
					"@loader_path/Frameworks",
				);
				PRODUCT_BUNDLE_IDENTIFIER = "cse.duytan.edu.vn.Review-for-multiple-choice-exercisesTests";
				PRODUCT_NAME = "$(TARGET_NAME)";
				SWIFT_VERSION = 5.0;
				TARGETED_DEVICE_FAMILY = "1,2";
				TEST_HOST = "$(BUILT_PRODUCTS_DIR)/Review for multiple-choice exercises.app/Review for multiple-choice exercises";
			};
			name = Debug;
		};
		B36363B725AEEBAC0071A98F /* Release */ = {
			isa = XCBuildConfiguration;
			baseConfigurationReference = 2D51546B784D6323442FF8BA /* Pods-Review for multiple-choice exercisesTests.release.xcconfig */;
			buildSettings = {
				ALWAYS_EMBED_SWIFT_STANDARD_LIBRARIES = YES;
				BUNDLE_LOADER = "$(TEST_HOST)";
				CODE_SIGN_STYLE = Automatic;
				INFOPLIST_FILE = "Review for multiple-choice exercisesTests/Info.plist";
				IPHONEOS_DEPLOYMENT_TARGET = 14.3;
				LD_RUNPATH_SEARCH_PATHS = (
					"$(inherited)",
					"@executable_path/Frameworks",
					"@loader_path/Frameworks",
				);
				PRODUCT_BUNDLE_IDENTIFIER = "cse.duytan.edu.vn.Review-for-multiple-choice-exercisesTests";
				PRODUCT_NAME = "$(TARGET_NAME)";
				SWIFT_VERSION = 5.0;
				TARGETED_DEVICE_FAMILY = "1,2";
				TEST_HOST = "$(BUILT_PRODUCTS_DIR)/Review for multiple-choice exercises.app/Review for multiple-choice exercises";
			};
			name = Release;
		};
		B36363B925AEEBAC0071A98F /* Debug */ = {
			isa = XCBuildConfiguration;
			baseConfigurationReference = AB0FB10CF3705C1DDB25959D /* Pods-Review for multiple-choice exercises-Review for multiple-choice exercisesUITests.debug.xcconfig */;
			buildSettings = {
				ALWAYS_EMBED_SWIFT_STANDARD_LIBRARIES = YES;
				CODE_SIGN_STYLE = Automatic;
				INFOPLIST_FILE = "Review for multiple-choice exercisesUITests/Info.plist";
				LD_RUNPATH_SEARCH_PATHS = (
					"$(inherited)",
					"@executable_path/Frameworks",
					"@loader_path/Frameworks",
				);
				PRODUCT_BUNDLE_IDENTIFIER = "cse.duytan.edu.vn.Review-for-multiple-choice-exercisesUITests";
				PRODUCT_NAME = "$(TARGET_NAME)";
				SWIFT_VERSION = 5.0;
				TARGETED_DEVICE_FAMILY = "1,2";
				TEST_TARGET_NAME = "Review for multiple-choice exercises";
			};
			name = Debug;
		};
		B36363BA25AEEBAC0071A98F /* Release */ = {
			isa = XCBuildConfiguration;
			baseConfigurationReference = BD8EA3C1C8BAC118612B91ED /* Pods-Review for multiple-choice exercises-Review for multiple-choice exercisesUITests.release.xcconfig */;
			buildSettings = {
				ALWAYS_EMBED_SWIFT_STANDARD_LIBRARIES = YES;
				CODE_SIGN_STYLE = Automatic;
				INFOPLIST_FILE = "Review for multiple-choice exercisesUITests/Info.plist";
				LD_RUNPATH_SEARCH_PATHS = (
					"$(inherited)",
					"@executable_path/Frameworks",
					"@loader_path/Frameworks",
				);
				PRODUCT_BUNDLE_IDENTIFIER = "cse.duytan.edu.vn.Review-for-multiple-choice-exercisesUITests";
				PRODUCT_NAME = "$(TARGET_NAME)";
				SWIFT_VERSION = 5.0;
				TARGETED_DEVICE_FAMILY = "1,2";
				TEST_TARGET_NAME = "Review for multiple-choice exercises";
			};
			name = Release;
		};
/* End XCBuildConfiguration section */

/* Begin XCConfigurationList section */
		B363638325AEEBAB0071A98F /* Build configuration list for PBXProject "Review for multiple-choice exercises" */ = {
			isa = XCConfigurationList;
			buildConfigurations = (
				B36363B025AEEBAC0071A98F /* Debug */,
				B36363B125AEEBAC0071A98F /* Release */,
			);
			defaultConfigurationIsVisible = 0;
			defaultConfigurationName = Release;
		};
		B36363B225AEEBAC0071A98F /* Build configuration list for PBXNativeTarget "Review for multiple-choice exercises" */ = {
			isa = XCConfigurationList;
			buildConfigurations = (
				B36363B325AEEBAC0071A98F /* Debug */,
				B36363B425AEEBAC0071A98F /* Release */,
			);
			defaultConfigurationIsVisible = 0;
			defaultConfigurationName = Release;
		};
		B36363B525AEEBAC0071A98F /* Build configuration list for PBXNativeTarget "Review for multiple-choice exercisesTests" */ = {
			isa = XCConfigurationList;
			buildConfigurations = (
				B36363B625AEEBAC0071A98F /* Debug */,
				B36363B725AEEBAC0071A98F /* Release */,
			);
			defaultConfigurationIsVisible = 0;
			defaultConfigurationName = Release;
		};
		B36363B825AEEBAC0071A98F /* Build configuration list for PBXNativeTarget "Review for multiple-choice exercisesUITests" */ = {
			isa = XCConfigurationList;
			buildConfigurations = (
				B36363B925AEEBAC0071A98F /* Debug */,
				B36363BA25AEEBAC0071A98F /* Release */,
			);
			defaultConfigurationIsVisible = 0;
			defaultConfigurationName = Release;
		};
/* End XCConfigurationList section */

/* Begin XCRemoteSwiftPackageReference section */
		B34BF4E925B56AD1005569CA /* XCRemoteSwiftPackageReference "ChartView" */ = {
			isa = XCRemoteSwiftPackageReference;
			repositoryURL = "https://github.com/AppPear/ChartView";
			requirement = {
				kind = upToNextMajorVersion;
				minimumVersion = 1.5.4;
			};
		};
/* End XCRemoteSwiftPackageReference section */

/* Begin XCSwiftPackageProductDependency section */
		B34BF4EA25B56AD1005569CA /* SwiftUICharts */ = {
			isa = XCSwiftPackageProductDependency;
			package = B34BF4E925B56AD1005569CA /* XCRemoteSwiftPackageReference "ChartView" */;
			productName = SwiftUICharts;
		};
/* End XCSwiftPackageProductDependency section */
	};
	rootObject = B363638025AEEBAB0071A98F /* Project object */;
}
